
Microsoft Visual Studio Solution File, Format Version 12.00
# Visual Studio Version 17
VisualStudioVersion = 17.11.35208.52
MinimumVisualStudioVersion = 10.0.40219.1
Project("{FAE04EC0-301F-11D3-BF4B-00C04F79EFBC}") = "practica14", "practica14.csproj", "{20F42F91-361B-4850-AF87-2D7C329AA17B}"
EndProject
Global
	GlobalSection(SolutionConfigurationPlatforms) = preSolution
		Debug|Any CPU = Debug|Any CPU
		Release|Any CPU = Release|Any CPU
	EndGlobalSection
	GlobalSection(ProjectConfigurationPlatforms) = postSolution
		{20F42F91-361B-4850-AF87-2D7C329AA17B}.Debug|Any CPU.ActiveCfg = Debug|Any CPU
		{20F42F91-361B-4850-AF87-2D7C329AA17B}.Debug|Any CPU.Build.0 = Debug|Any CPU
		{20F42F91-361B-4850-AF87-2D7C329AA17B}.Release|Any CPU.ActiveCfg = Release|Any CPU
		{20F42F91-361B-4850-AF87-2D7C329AA17B}.Release|Any CPU.Build.0 = Release|Any CPU
	EndGlobalSection
	GlobalSection(SolutionProperties) = preSolution
		HideSolutionNode = FALSE
	EndGlobalSection
	GlobalSection(ExtensibilityGlobals) = postSolution
		SolutionGuid = {3C0D6CD1-477D-4738-BA56-7B544EF7E91C}
	EndGlobalSection
EndGlobal
